
Microsoft Visual Studio Solution File, Format Version 12.00
# Visual Studio 15
VisualStudioVersion = 15.0.28307.572
MinimumVisualStudioVersion = 10.0.40219.1
Project("{FAE04EC0-301F-11D3-BF4B-00C04F79EFBC}") = "LED_ON_OFF", "LED_ON_OFF\LED_ON_OFF.csproj", "{BBACC157-626A-4522-B5EF-83E48D2A5320}"
EndProject
Global
	GlobalSection(SolutionConfigurationPlatforms) = preSolution
		Debug|Any CPU = Debug|Any CPU
		Release|Any CPU = Release|Any CPU
	EndGlobalSection
	GlobalSection(ProjectConfigurationPlatforms) = postSolution
		{BBACC157-626A-4522-B5EF-83E48D2A5320}.Debug|Any CPU.ActiveCfg = Debug|Any CPU
		{BBACC157-626A-4522-B5EF-83E48D2A5320}.Debug|Any CPU.Build.0 = Debug|Any CPU
		{BBACC157-626A-4522-B5EF-83E48D2A5320}.Release|Any CPU.ActiveCfg = Release|Any CPU
		{BBACC157-626A-4522-B5EF-83E48D2A5320}.Release|Any CPU.Build.0 = Release|Any CPU
	EndGlobalSection
	GlobalSection(SolutionProperties) = preSolution
		HideSolutionNode = FALSE
	EndGlobalSection
	GlobalSection(ExtensibilityGlobals) = postSolution
		SolutionGuid = {00181DE1-0557-434B-AE3E-EAEC096499FE}
	EndGlobalSection
EndGlobal
